{
  "name": "@objectivex666/dsh-settings-search",
  "version": "1.10.0",
  "lockfileVersion": 3,
  "requires": true,
  "packages": {
    "": {
      "name": "@objectivex666/dsh-settings-search",
      "version": "1.10.0",
      "license": "GPL-3.0",
      "engines": {
        "node": ">=18"
      }
    }
  }
}
